
Microsoft Visual Studio Solution File, Format Version 11.00
# Visual Studio 2010
Project("{FAE04EC0-301F-11D3-BF4B-00C04F79EFBC}") = "WindowsFormsApplication1", "WindowsFormsApplication1\WindowsFormsApplication1.csproj", "{B9F705BC-4929-49F9-8F78-074FF37021EE}"
EndProject
Global
	GlobalSection(TeamFoundationVersionControl) = preSolution
		SccNumberOfProjects = 2
		SccEnterpriseProvider = {4CA58AB2-18FA-4F8D-95D4-32DDF27D184C}
		SccTeamFoundationServer = http://web2k8:8080/tfs/defaultcollection
		SccLocalPath0 = .
		SccProjectUniqueName1 = WindowsFormsApplication1\\WindowsFormsApplication1.csproj
		SccProjectName1 = WindowsFormsApplication1
		SccLocalPath1 = WindowsFormsApplication1
	EndGlobalSection
	GlobalSection(SolutionConfigurationPlatforms) = preSolution
		Debug|x86 = Debug|x86
		Release|x86 = Release|x86
	EndGlobalSection
	GlobalSection(ProjectConfigurationPlatforms) = postSolution
		{B9F705BC-4929-49F9-8F78-074FF37021EE}.Debug|x86.ActiveCfg = Debug|x86
		{B9F705BC-4929-49F9-8F78-074FF37021EE}.Debug|x86.Build.0 = Debug|x86
		{B9F705BC-4929-49F9-8F78-074FF37021EE}.Release|x86.ActiveCfg = Release|x86
		{B9F705BC-4929-49F9-8F78-074FF37021EE}.Release|x86.Build.0 = Release|x86
	EndGlobalSection
	GlobalSection(SolutionProperties) = preSolution
		HideSolutionNode = FALSE
	EndGlobalSection
EndGlobal
