
Microsoft Visual Studio Solution File, Format Version 11.00
# Visual Studio 2010
Project("{F184B08F-C81C-45F6-A57F-5ABD9991F28F}") = "WebApplication1", "WebApplication1\WebApplication1.vbproj", "{6F5BA50D-10C8-4F9A-884B-42ABBC5128B5}"
EndProject
Global
	GlobalSection(TeamFoundationVersionControl) = preSolution
		SccNumberOfProjects = 2
		SccEnterpriseProvider = {4CA58AB2-18FA-4F8D-95D4-32DDF27D184C}
		SccTeamFoundationServer = http://10.10.1.160:8080/tfs/defaultcollection
		SccLocalPath0 = .
		SccProjectUniqueName1 = WebApplication1\\WebApplication1.vbproj
		SccProjectName1 = WebApplication1
		SccLocalPath1 = WebApplication1
	EndGlobalSection
	GlobalSection(SolutionConfigurationPlatforms) = preSolution
		Debug|Any CPU = Debug|Any CPU
		Release|Any CPU = Release|Any CPU
	EndGlobalSection
	GlobalSection(ProjectConfigurationPlatforms) = postSolution
		{6F5BA50D-10C8-4F9A-884B-42ABBC5128B5}.Debug|Any CPU.ActiveCfg = Debug|Any CPU
		{6F5BA50D-10C8-4F9A-884B-42ABBC5128B5}.Debug|Any CPU.Build.0 = Debug|Any CPU
		{6F5BA50D-10C8-4F9A-884B-42ABBC5128B5}.Release|Any CPU.ActiveCfg = Release|Any CPU
		{6F5BA50D-10C8-4F9A-884B-42ABBC5128B5}.Release|Any CPU.Build.0 = Release|Any CPU
	EndGlobalSection
	GlobalSection(SolutionProperties) = preSolution
		HideSolutionNode = FALSE
	EndGlobalSection
EndGlobal
